
Microsoft Visual Studio Solution File, Format Version 12.00
# Visual Studio Version 17
VisualStudioVersion = 17.4.33205.214
MinimumVisualStudioVersion = 10.0.40219.1
Project("{FAE04EC0-301F-11D3-BF4B-00C04F79EFBC}") = "EDM", "EDM.csproj", "{A1C74C77-77A5-48AE-8263-2075B6982137}"
EndProject
Project("{2150E333-8FDC-42A3-9474-1A3956D46DE8}") = "Admin", "Admin", "{CA9E4AD5-3695-4915-A17F-0A6CD85BB6E2}"
EndProject
Project("{2150E333-8FDC-42A3-9474-1A3956D46DE8}") = "_Shared", "_Shared", "{6A1226BC-83CB-4412-8A72-04B3D05C3DE7}"
EndProject
Project("{FAE04EC0-301F-11D3-BF4B-00C04F79EFBC}") = "EDM_DB", "..\modules\_Shared\EDM_DB\EDM_DB.csproj", "{4A2AA8B2-7FAF-4400-964E-B45818002093}"
EndProject
Project("{FAE04EC0-301F-11D3-BF4B-00C04F79EFBC}") = "Organization", "..\modules\Admin\Organization\Organization.csproj", "{4CC2C0B9-FB34-429C-A18E-7994E3DCC7B9}"
EndProject
Project("{FAE04EC0-301F-11D3-BF4B-00C04F79EFBC}") = "UserAccount", "..\modules\Admin\UserAccount\UserAccount.csproj", "{0702FBAD-C470-464E-AE9D-B4D6912F7ED7}"
EndProject
Project("{FAE04EC0-301F-11D3-BF4B-00C04F79EFBC}") = "UserType", "..\modules\Admin\UserType\UserType.csproj", "{ED0C11B3-2F7E-468E-B0FE-18C4EE9A88E6}"
EndProject
Project("{FAE04EC0-301F-11D3-BF4B-00C04F79EFBC}") = "Auth", "..\modules\_Shared\Auth\Auth.csproj", "{89B9E32B-25B8-4E21-88BC-A1571E70A12B}"
EndProject
Project("{FAE04EC0-301F-11D3-BF4B-00C04F79EFBC}") = "Public", "..\modules\_Shared\Public\Public.csproj", "{6F03EF6A-8234-4D31-9570-3B2C0187C0A2}"
EndProject
Project("{FAE04EC0-301F-11D3-BF4B-00C04F79EFBC}") = "UnitManage", "..\modules\Admin\UnitManage\UnitManage.csproj", "{2946ED6E-1EF8-405D-B7F9-8D14F0ECD06B}"
EndProject
Project("{FAE04EC0-301F-11D3-BF4B-00C04F79EFBC}") = "Applications", "..\modules\_Shared\Applications\Applications\Applications.csproj", "{86DA7BDA-C66A-4127-9096-28BBB66CFA58}"
EndProject
Project("{2150E333-8FDC-42A3-9474-1A3956D46DE8}") = "Client", "Client", "{02EA681E-C7D8-13C7-8484-4AC65E1B71E8}"
EndProject
Project("{FAE04EC0-301F-11D3-BF4B-00C04F79EFBC}") = "TrangTaiLieu", "..\modules\Client\TrangTaiLieu\TrangTaiLieu.csproj", "{6DDB449B-2D58-486A-BF5A-65E328FC36A4}"
EndProject
Project("{FAE04EC0-301F-11D3-BF4B-00C04F79EFBC}") = "QuanLyBaiDang", "..\modules\Admin\QuanLyBaiDang\QuanLyBaiDang.csproj", "{E0819784-65D2-4DEF-80E4-072CD922D8CF}"
EndProject
Project("{FAE04EC0-301F-11D3-BF4B-00C04F79EFBC}") = "QuanLyChienDich", "..\modules\Admin\QuanLyChienDich\QuanLyChienDich.csproj", "{CF9A795E-718C-41D5-90E1-8300FD63B601}"
EndProject
Global
	GlobalSection(SolutionConfigurationPlatforms) = preSolution
		Debug|Any CPU = Debug|Any CPU
		Release|Any CPU = Release|Any CPU
	EndGlobalSection
	GlobalSection(ProjectConfigurationPlatforms) = postSolution
		{A1C74C77-77A5-48AE-8263-2075B6982137}.Debug|Any CPU.ActiveCfg = Debug|Any CPU
		{A1C74C77-77A5-48AE-8263-2075B6982137}.Debug|Any CPU.Build.0 = Debug|Any CPU
		{A1C74C77-77A5-48AE-8263-2075B6982137}.Release|Any CPU.ActiveCfg = Release|Any CPU
		{A1C74C77-77A5-48AE-8263-2075B6982137}.Release|Any CPU.Build.0 = Release|Any CPU
		{4A2AA8B2-7FAF-4400-964E-B45818002093}.Debug|Any CPU.ActiveCfg = Debug|Any CPU
		{4A2AA8B2-7FAF-4400-964E-B45818002093}.Debug|Any CPU.Build.0 = Debug|Any CPU
		{4A2AA8B2-7FAF-4400-964E-B45818002093}.Release|Any CPU.ActiveCfg = Release|Any CPU
		{4A2AA8B2-7FAF-4400-964E-B45818002093}.Release|Any CPU.Build.0 = Release|Any CPU
		{4CC2C0B9-FB34-429C-A18E-7994E3DCC7B9}.Debug|Any CPU.ActiveCfg = Debug|Any CPU
		{4CC2C0B9-FB34-429C-A18E-7994E3DCC7B9}.Debug|Any CPU.Build.0 = Debug|Any CPU
		{4CC2C0B9-FB34-429C-A18E-7994E3DCC7B9}.Release|Any CPU.ActiveCfg = Release|Any CPU
		{4CC2C0B9-FB34-429C-A18E-7994E3DCC7B9}.Release|Any CPU.Build.0 = Release|Any CPU
		{0702FBAD-C470-464E-AE9D-B4D6912F7ED7}.Debug|Any CPU.ActiveCfg = Debug|Any CPU
		{0702FBAD-C470-464E-AE9D-B4D6912F7ED7}.Debug|Any CPU.Build.0 = Debug|Any CPU
		{0702FBAD-C470-464E-AE9D-B4D6912F7ED7}.Release|Any CPU.ActiveCfg = Release|Any CPU
		{0702FBAD-C470-464E-AE9D-B4D6912F7ED7}.Release|Any CPU.Build.0 = Release|Any CPU
		{ED0C11B3-2F7E-468E-B0FE-18C4EE9A88E6}.Debug|Any CPU.ActiveCfg = Debug|Any CPU
		{ED0C11B3-2F7E-468E-B0FE-18C4EE9A88E6}.Debug|Any CPU.Build.0 = Debug|Any CPU
		{ED0C11B3-2F7E-468E-B0FE-18C4EE9A88E6}.Release|Any CPU.ActiveCfg = Release|Any CPU
		{ED0C11B3-2F7E-468E-B0FE-18C4EE9A88E6}.Release|Any CPU.Build.0 = Release|Any CPU
		{89B9E32B-25B8-4E21-88BC-A1571E70A12B}.Debug|Any CPU.ActiveCfg = Debug|Any CPU
		{89B9E32B-25B8-4E21-88BC-A1571E70A12B}.Debug|Any CPU.Build.0 = Debug|Any CPU
		{89B9E32B-25B8-4E21-88BC-A1571E70A12B}.Release|Any CPU.ActiveCfg = Release|Any CPU
		{89B9E32B-25B8-4E21-88BC-A1571E70A12B}.Release|Any CPU.Build.0 = Release|Any CPU
		{6F03EF6A-8234-4D31-9570-3B2C0187C0A2}.Debug|Any CPU.ActiveCfg = Debug|Any CPU
		{6F03EF6A-8234-4D31-9570-3B2C0187C0A2}.Debug|Any CPU.Build.0 = Debug|Any CPU
		{6F03EF6A-8234-4D31-9570-3B2C0187C0A2}.Release|Any CPU.ActiveCfg = Release|Any CPU
		{6F03EF6A-8234-4D31-9570-3B2C0187C0A2}.Release|Any CPU.Build.0 = Release|Any CPU
		{2946ED6E-1EF8-405D-B7F9-8D14F0ECD06B}.Debug|Any CPU.ActiveCfg = Debug|Any CPU
		{2946ED6E-1EF8-405D-B7F9-8D14F0ECD06B}.Debug|Any CPU.Build.0 = Debug|Any CPU
		{2946ED6E-1EF8-405D-B7F9-8D14F0ECD06B}.Release|Any CPU.ActiveCfg = Release|Any CPU
		{2946ED6E-1EF8-405D-B7F9-8D14F0ECD06B}.Release|Any CPU.Build.0 = Release|Any CPU
		{86DA7BDA-C66A-4127-9096-28BBB66CFA58}.Debug|Any CPU.ActiveCfg = Debug|Any CPU
		{86DA7BDA-C66A-4127-9096-28BBB66CFA58}.Debug|Any CPU.Build.0 = Debug|Any CPU
		{86DA7BDA-C66A-4127-9096-28BBB66CFA58}.Release|Any CPU.ActiveCfg = Release|Any CPU
		{86DA7BDA-C66A-4127-9096-28BBB66CFA58}.Release|Any CPU.Build.0 = Release|Any CPU
		{6DDB449B-2D58-486A-BF5A-65E328FC36A4}.Debug|Any CPU.ActiveCfg = Debug|Any CPU
		{6DDB449B-2D58-486A-BF5A-65E328FC36A4}.Debug|Any CPU.Build.0 = Debug|Any CPU
		{6DDB449B-2D58-486A-BF5A-65E328FC36A4}.Release|Any CPU.ActiveCfg = Release|Any CPU
		{6DDB449B-2D58-486A-BF5A-65E328FC36A4}.Release|Any CPU.Build.0 = Release|Any CPU
		{E0819784-65D2-4DEF-80E4-072CD922D8CF}.Debug|Any CPU.ActiveCfg = Debug|Any CPU
		{E0819784-65D2-4DEF-80E4-072CD922D8CF}.Debug|Any CPU.Build.0 = Debug|Any CPU
		{E0819784-65D2-4DEF-80E4-072CD922D8CF}.Release|Any CPU.ActiveCfg = Release|Any CPU
		{E0819784-65D2-4DEF-80E4-072CD922D8CF}.Release|Any CPU.Build.0 = Release|Any CPU
		{CF9A795E-718C-41D5-90E1-8300FD63B601}.Debug|Any CPU.ActiveCfg = Debug|Any CPU
		{CF9A795E-718C-41D5-90E1-8300FD63B601}.Debug|Any CPU.Build.0 = Debug|Any CPU
		{CF9A795E-718C-41D5-90E1-8300FD63B601}.Release|Any CPU.ActiveCfg = Release|Any CPU
		{CF9A795E-718C-41D5-90E1-8300FD63B601}.Release|Any CPU.Build.0 = Release|Any CPU
	EndGlobalSection
	GlobalSection(SolutionProperties) = preSolution
		HideSolutionNode = FALSE
	EndGlobalSection
	GlobalSection(NestedProjects) = preSolution
		{4CC2C0B9-FB34-429C-A18E-7994E3DCC7B9} = {CA9E4AD5-3695-4915-A17F-0A6CD85BB6E2}
		{0702FBAD-C470-464E-AE9D-B4D6912F7ED7} = {CA9E4AD5-3695-4915-A17F-0A6CD85BB6E2}
		{ED0C11B3-2F7E-468E-B0FE-18C4EE9A88E6} = {CA9E4AD5-3695-4915-A17F-0A6CD85BB6E2}
		{89B9E32B-25B8-4E21-88BC-A1571E70A12B} = {6A1226BC-83CB-4412-8A72-04B3D05C3DE7}
		{6F03EF6A-8234-4D31-9570-3B2C0187C0A2} = {6A1226BC-83CB-4412-8A72-04B3D05C3DE7}
		{2946ED6E-1EF8-405D-B7F9-8D14F0ECD06B} = {CA9E4AD5-3695-4915-A17F-0A6CD85BB6E2}
		{86DA7BDA-C66A-4127-9096-28BBB66CFA58} = {6A1226BC-83CB-4412-8A72-04B3D05C3DE7}
		{6DDB449B-2D58-486A-BF5A-65E328FC36A4} = {02EA681E-C7D8-13C7-8484-4AC65E1B71E8}
		{E0819784-65D2-4DEF-80E4-072CD922D8CF} = {CA9E4AD5-3695-4915-A17F-0A6CD85BB6E2}
		{CF9A795E-718C-41D5-90E1-8300FD63B601} = {CA9E4AD5-3695-4915-A17F-0A6CD85BB6E2}
	EndGlobalSection
	GlobalSection(ExtensibilityGlobals) = postSolution
		SolutionGuid = {323B6BFE-3FBF-4BD3-987B-F7DC6F2FB66D}
	EndGlobalSection
EndGlobal
